
Microsoft Visual Studio Solution File, Format Version 12.00
# Visual Studio Version 17
VisualStudioVersion = 17.11.35222.181
MinimumVisualStudioVersion = 10.0.40219.1
Project("{FAE04EC0-301F-11D3-BF4B-00C04F79EFBC}") = "Labb2-Linq-WebbapplicationsWithC#ASP.NET", "Labb2-Linq-WebbapplicationsWithC#ASP.NET\Labb2-Linq-WebbapplicationsWithC#ASP.NET.csproj", "{B3330156-6F61-481A-A06F-F219F93347CA}"
EndProject
Global
	GlobalSection(SolutionConfigurationPlatforms) = preSolution
		Debug|Any CPU = Debug|Any CPU
		Release|Any CPU = Release|Any CPU
	EndGlobalSection
	GlobalSection(ProjectConfigurationPlatforms) = postSolution
		{B3330156-6F61-481A-A06F-F219F93347CA}.Debug|Any CPU.ActiveCfg = Debug|Any CPU
		{B3330156-6F61-481A-A06F-F219F93347CA}.Debug|Any CPU.Build.0 = Debug|Any CPU
		{B3330156-6F61-481A-A06F-F219F93347CA}.Release|Any CPU.ActiveCfg = Release|Any CPU
		{B3330156-6F61-481A-A06F-F219F93347CA}.Release|Any CPU.Build.0 = Release|Any CPU
	EndGlobalSection
	GlobalSection(SolutionProperties) = preSolution
		HideSolutionNode = FALSE
	EndGlobalSection
	GlobalSection(ExtensibilityGlobals) = postSolution
		SolutionGuid = {4F7CBCAD-BD5D-4C13-93C5-5FD3F321F019}
	EndGlobalSection
EndGlobal
